<Solution>
  <Folder Name="/src/Core/">
    <Project Path="src/Core/LearnStack.Hub.SharedKernel/LearnStack.Hub.SharedKernel.csproj" />
    <Project Path="src/Core/LearnStack.Hub.Domain/LearnStack.Hub.Domain.csproj" />
    <Project Path="src/Core/LearnStack.Hub.Application.Contracts/LearnStack.Hub.Application.Contracts.csproj" />
    <Project Path="src/Core/LearnStack.Hub.Application/LearnStack.Hub.Application.csproj" />
    <Project Path="src/Core/LearnStack.Hub.Infrastructure/LearnStack.Hub.Infrastructure.csproj" />
    <Project Path="src/Core/LearnStack.Hub.Infrastructure.Audit/LearnStack.Hub.Infrastructure.Audit.csproj" />
    <Project Path="src/Core/LearnStack.Hub.Api/LearnStack.Hub.Api.csproj" />
  </Folder>
  <Folder Name="/src/Modules/">
    <File Path="src/Modules/README.md" />
    <File Path="src/Modules/Directory.Build.props" />
  </Folder>
  <Folder Name="/src/Modules/TenantLifecycle/">
    <Project Path="src/Modules/TenantLifecycle/LearnStack.Hub.Modules.TenantLifecycle.Domain/LearnStack.Hub.Modules.TenantLifecycle.Domain.csproj" />
    <Project Path="src/Modules/TenantLifecycle/LearnStack.Hub.Modules.TenantLifecycle.Application.Contracts/LearnStack.Hub.Modules.TenantLifecycle.Application.Contracts.csproj" />
    <Project Path="src/Modules/TenantLifecycle/LearnStack.Hub.Modules.TenantLifecycle.Application/LearnStack.Hub.Modules.TenantLifecycle.Application.csproj" />
    <Project Path="src/Modules/TenantLifecycle/LearnStack.Hub.Modules.TenantLifecycle.Infrastructure/LearnStack.Hub.Modules.TenantLifecycle.Infrastructure.csproj" />
  </Folder>
  <Folder Name="/src/Modules/Plans/">
    <Project Path="src/Modules/Plans/LearnStack.Hub.Modules.Plans.Domain/LearnStack.Hub.Modules.Plans.Domain.csproj" />
    <Project Path="src/Modules/Plans/LearnStack.Hub.Modules.Plans.Application.Contracts/LearnStack.Hub.Modules.Plans.Application.Contracts.csproj" />
    <Project Path="src/Modules/Plans/LearnStack.Hub.Modules.Plans.Application/LearnStack.Hub.Modules.Plans.Application.csproj" />
    <Project Path="src/Modules/Plans/LearnStack.Hub.Modules.Plans.Infrastructure/LearnStack.Hub.Modules.Plans.Infrastructure.csproj" />
  </Folder>
  <Folder Name="/src/Modules/Subscriptions/">
    <Project Path="src/Modules/Subscriptions/LearnStack.Hub.Modules.Subscriptions.Domain/LearnStack.Hub.Modules.Subscriptions.Domain.csproj" />
    <Project Path="src/Modules/Subscriptions/LearnStack.Hub.Modules.Subscriptions.Application.Contracts/LearnStack.Hub.Modules.Subscriptions.Application.Contracts.csproj" />
    <Project Path="src/Modules/Subscriptions/LearnStack.Hub.Modules.Subscriptions.Application/LearnStack.Hub.Modules.Subscriptions.Application.csproj" />
    <Project Path="src/Modules/Subscriptions/LearnStack.Hub.Modules.Subscriptions.Infrastructure/LearnStack.Hub.Modules.Subscriptions.Infrastructure.csproj" />
  </Folder>
  <Folder Name="/src/Modules/Entitlements/">
    <Project Path="src/Modules/Entitlements/LearnStack.Hub.Modules.Entitlements.Domain/LearnStack.Hub.Modules.Entitlements.Domain.csproj" />
    <Project Path="src/Modules/Entitlements/LearnStack.Hub.Modules.Entitlements.Application.Contracts/LearnStack.Hub.Modules.Entitlements.Application.Contracts.csproj" />
    <Project Path="src/Modules/Entitlements/LearnStack.Hub.Modules.Entitlements.Application/LearnStack.Hub.Modules.Entitlements.Application.csproj" />
    <Project Path="src/Modules/Entitlements/LearnStack.Hub.Modules.Entitlements.Infrastructure/LearnStack.Hub.Modules.Entitlements.Infrastructure.csproj" />
  </Folder>
  <Folder Name="/tests/">
    <Project Path="tests/LearnStack.Hub.Tests.Unit/LearnStack.Hub.Tests.Unit.csproj" />
    <Project Path="tests/LearnStack.Hub.Tests.Integration/LearnStack.Hub.Tests.Integration.csproj" />
    <Project Path="tests/LearnStack.Hub.Tests.Architecture/LearnStack.Hub.Tests.Architecture.csproj" />
    <Project Path="tests/LearnStack.Hub.Tests.Contract/LearnStack.Hub.Tests.Contract.csproj" />
  </Folder>
  <Folder Name="/solution-items/">
    <File Path="Directory.Build.props" />
    <File Path="Directory.Packages.props" />
    <File Path="global.json" />
    <File Path=".editorconfig" />
  </Folder>
</Solution>
